
Microsoft Visual Studio Solution File, Format Version 12.00
# Visual Studio Version 17
VisualStudioVersion = 17.8.34316.72
MinimumVisualStudioVersion = 10.0.40219.1
Project("{FAE04EC0-301F-11D3-BF4B-00C04F79EFBC}") = "WindowsFormsApp1", "WindowsFormsApp1\WindowsFormsApp1.csproj", "{A86D0B40-80E0-4944-ACF2-1D4804C9EA51}"
EndProject
Global
	GlobalSection(SolutionConfigurationPlatforms) = preSolution
		Debug|Any CPU = Debug|Any CPU
		Release|Any CPU = Release|Any CPU
	EndGlobalSection
	GlobalSection(ProjectConfigurationPlatforms) = postSolution
		{A86D0B40-80E0-4944-ACF2-1D4804C9EA51}.Debug|Any CPU.ActiveCfg = Debug|Any CPU
		{A86D0B40-80E0-4944-ACF2-1D4804C9EA51}.Debug|Any CPU.Build.0 = Debug|Any CPU
		{A86D0B40-80E0-4944-ACF2-1D4804C9EA51}.Release|Any CPU.ActiveCfg = Release|Any CPU
		{A86D0B40-80E0-4944-ACF2-1D4804C9EA51}.Release|Any CPU.Build.0 = Release|Any CPU
	EndGlobalSection
	GlobalSection(SolutionProperties) = preSolution
		HideSolutionNode = FALSE
	EndGlobalSection
	GlobalSection(ExtensibilityGlobals) = postSolution
		SolutionGuid = {693BFA15-5BDB-46AE-B95D-BBDBD13BAB25}
	EndGlobalSection
EndGlobal
