
Microsoft Visual Studio Solution File, Format Version 12.00
# Visual Studio Version 17
VisualStudioVersion = 17.8.34316.72
MinimumVisualStudioVersion = 10.0.40219.1
Project("{FAE04EC0-301F-11D3-BF4B-00C04F79EFBC}") = "WpfApp1", "WpfApp1\WpfApp1.csproj", "{0837C0E7-A39D-4D68-ADCC-241AF8F45292}"
EndProject
Global
	GlobalSection(SolutionConfigurationPlatforms) = preSolution
		Debug|Any CPU = Debug|Any CPU
		Release|Any CPU = Release|Any CPU
	EndGlobalSection
	GlobalSection(ProjectConfigurationPlatforms) = postSolution
		{0837C0E7-A39D-4D68-ADCC-241AF8F45292}.Debug|Any CPU.ActiveCfg = Debug|Any CPU
		{0837C0E7-A39D-4D68-ADCC-241AF8F45292}.Debug|Any CPU.Build.0 = Debug|Any CPU
		{0837C0E7-A39D-4D68-ADCC-241AF8F45292}.Release|Any CPU.ActiveCfg = Release|Any CPU
		{0837C0E7-A39D-4D68-ADCC-241AF8F45292}.Release|Any CPU.Build.0 = Release|Any CPU
	EndGlobalSection
	GlobalSection(SolutionProperties) = preSolution
		HideSolutionNode = FALSE
	EndGlobalSection
	GlobalSection(ExtensibilityGlobals) = postSolution
		SolutionGuid = {E71C686B-75A7-4965-9B4B-D6E0BD982AA1}
	EndGlobalSection
EndGlobal
